
Microsoft Visual Studio Solution File, Format Version 12.00
# Visual Studio Version 17
VisualStudioVersion = 17.2.32516.85
MinimumVisualStudioVersion = 10.0.40219.1
Project("{9A19103F-16F7-4668-BE54-9A1E7A4F7556}") = "WpfDemo1", "WpfDemo1\WpfDemo1.csproj", "{2FE9F006-DF58-4F57-A41E-A3837B60845C}"
EndProject
Project("{9A19103F-16F7-4668-BE54-9A1E7A4F7556}") = "WPFDemo2", "WPFDemo2\WPFDemo2.csproj", "{A221EC4D-2E9B-4B7B-919C-E694C883EABD}"
EndProject
Project("{9A19103F-16F7-4668-BE54-9A1E7A4F7556}") = "WPFDemo3", "WPFDemo3\WPFDemo3.csproj", "{DDE1B892-3F55-44D5-974D-8E0885A71005}"
EndProject
Project("{9A19103F-16F7-4668-BE54-9A1E7A4F7556}") = "WPFDemo4", "WPFDemo4\WPFDemo4.csproj", "{7B66B7D4-C8E0-422D-9CCA-7350B6A9A12B}"
EndProject
Project("{9A19103F-16F7-4668-BE54-9A1E7A4F7556}") = "WPFDemo5", "WPFDemo5\WPFDemo5.csproj", "{CF80D95F-E96B-4949-87FC-604463530A28}"
EndProject
Project("{9A19103F-16F7-4668-BE54-9A1E7A4F7556}") = "WPFDemo6", "WPFDemo6\WPFDemo6.csproj", "{9B874252-8D0D-45E5-AA74-1CE3D406CC82}"
EndProject
Project("{9A19103F-16F7-4668-BE54-9A1E7A4F7556}") = "WPFDemo7", "WPFDemo7\WPFDemo7.csproj", "{FCE0A984-A313-4E48-AED8-68CD327FBD8B}"
EndProject
Project("{9A19103F-16F7-4668-BE54-9A1E7A4F7556}") = "WPFDemo8", "WPFDemo8\WPFDemo8.csproj", "{80B44029-8842-47E4-8DB0-4CD0E7138787}"
EndProject
Project("{9A19103F-16F7-4668-BE54-9A1E7A4F7556}") = "WPFDemo9", "WPFDemo9\WPFDemo9.csproj", "{4F4383C9-AE9F-4FF6-B9E6-3D8CB82A627B}"
EndProject
Project("{9A19103F-16F7-4668-BE54-9A1E7A4F7556}") = "WPFDemo10", "WPFDemo10\WPFDemo10.csproj", "{C89B7857-89E6-4B37-B122-5FB0292A18A7}"
EndProject
Project("{FAE04EC0-301F-11D3-BF4B-00C04F79EFBC}") = "WPFDemo11", "WPFDemo11\WPFDemo11.csproj", "{177FFCB1-B1AE-456F-9BF3-AD8829E6B265}"
EndProject
Global
	GlobalSection(SolutionConfigurationPlatforms) = preSolution
		Debug|Any CPU = Debug|Any CPU
		Release|Any CPU = Release|Any CPU
	EndGlobalSection
	GlobalSection(ProjectConfigurationPlatforms) = postSolution
		{2FE9F006-DF58-4F57-A41E-A3837B60845C}.Debug|Any CPU.ActiveCfg = Debug|Any CPU
		{2FE9F006-DF58-4F57-A41E-A3837B60845C}.Debug|Any CPU.Build.0 = Debug|Any CPU
		{2FE9F006-DF58-4F57-A41E-A3837B60845C}.Release|Any CPU.ActiveCfg = Release|Any CPU
		{2FE9F006-DF58-4F57-A41E-A3837B60845C}.Release|Any CPU.Build.0 = Release|Any CPU
		{A221EC4D-2E9B-4B7B-919C-E694C883EABD}.Debug|Any CPU.ActiveCfg = Debug|Any CPU
		{A221EC4D-2E9B-4B7B-919C-E694C883EABD}.Debug|Any CPU.Build.0 = Debug|Any CPU
		{A221EC4D-2E9B-4B7B-919C-E694C883EABD}.Release|Any CPU.ActiveCfg = Release|Any CPU
		{A221EC4D-2E9B-4B7B-919C-E694C883EABD}.Release|Any CPU.Build.0 = Release|Any CPU
		{DDE1B892-3F55-44D5-974D-8E0885A71005}.Debug|Any CPU.ActiveCfg = Debug|Any CPU
		{DDE1B892-3F55-44D5-974D-8E0885A71005}.Debug|Any CPU.Build.0 = Debug|Any CPU
		{DDE1B892-3F55-44D5-974D-8E0885A71005}.Release|Any CPU.ActiveCfg = Release|Any CPU
		{DDE1B892-3F55-44D5-974D-8E0885A71005}.Release|Any CPU.Build.0 = Release|Any CPU
		{7B66B7D4-C8E0-422D-9CCA-7350B6A9A12B}.Debug|Any CPU.ActiveCfg = Debug|Any CPU
		{7B66B7D4-C8E0-422D-9CCA-7350B6A9A12B}.Debug|Any CPU.Build.0 = Debug|Any CPU
		{7B66B7D4-C8E0-422D-9CCA-7350B6A9A12B}.Release|Any CPU.ActiveCfg = Release|Any CPU
		{7B66B7D4-C8E0-422D-9CCA-7350B6A9A12B}.Release|Any CPU.Build.0 = Release|Any CPU
		{CF80D95F-E96B-4949-87FC-604463530A28}.Debug|Any CPU.ActiveCfg = Debug|Any CPU
		{CF80D95F-E96B-4949-87FC-604463530A28}.Debug|Any CPU.Build.0 = Debug|Any CPU
		{CF80D95F-E96B-4949-87FC-604463530A28}.Release|Any CPU.ActiveCfg = Release|Any CPU
		{CF80D95F-E96B-4949-87FC-604463530A28}.Release|Any CPU.Build.0 = Release|Any CPU
		{9B874252-8D0D-45E5-AA74-1CE3D406CC82}.Debug|Any CPU.ActiveCfg = Debug|Any CPU
		{9B874252-8D0D-45E5-AA74-1CE3D406CC82}.Debug|Any CPU.Build.0 = Debug|Any CPU
		{9B874252-8D0D-45E5-AA74-1CE3D406CC82}.Release|Any CPU.ActiveCfg = Release|Any CPU
		{9B874252-8D0D-45E5-AA74-1CE3D406CC82}.Release|Any CPU.Build.0 = Release|Any CPU
		{FCE0A984-A313-4E48-AED8-68CD327FBD8B}.Debug|Any CPU.ActiveCfg = Debug|Any CPU
		{FCE0A984-A313-4E48-AED8-68CD327FBD8B}.Debug|Any CPU.Build.0 = Debug|Any CPU
		{FCE0A984-A313-4E48-AED8-68CD327FBD8B}.Release|Any CPU.ActiveCfg = Release|Any CPU
		{FCE0A984-A313-4E48-AED8-68CD327FBD8B}.Release|Any CPU.Build.0 = Release|Any CPU
		{80B44029-8842-47E4-8DB0-4CD0E7138787}.Debug|Any CPU.ActiveCfg = Debug|Any CPU
		{80B44029-8842-47E4-8DB0-4CD0E7138787}.Debug|Any CPU.Build.0 = Debug|Any CPU
		{80B44029-8842-47E4-8DB0-4CD0E7138787}.Release|Any CPU.ActiveCfg = Release|Any CPU
		{80B44029-8842-47E4-8DB0-4CD0E7138787}.Release|Any CPU.Build.0 = Release|Any CPU
		{4F4383C9-AE9F-4FF6-B9E6-3D8CB82A627B}.Debug|Any CPU.ActiveCfg = Debug|Any CPU
		{4F4383C9-AE9F-4FF6-B9E6-3D8CB82A627B}.Debug|Any CPU.Build.0 = Debug|Any CPU
		{4F4383C9-AE9F-4FF6-B9E6-3D8CB82A627B}.Release|Any CPU.ActiveCfg = Release|Any CPU
		{4F4383C9-AE9F-4FF6-B9E6-3D8CB82A627B}.Release|Any CPU.Build.0 = Release|Any CPU
		{C89B7857-89E6-4B37-B122-5FB0292A18A7}.Debug|Any CPU.ActiveCfg = Debug|Any CPU
		{C89B7857-89E6-4B37-B122-5FB0292A18A7}.Debug|Any CPU.Build.0 = Debug|Any CPU
		{C89B7857-89E6-4B37-B122-5FB0292A18A7}.Release|Any CPU.ActiveCfg = Release|Any CPU
		{C89B7857-89E6-4B37-B122-5FB0292A18A7}.Release|Any CPU.Build.0 = Release|Any CPU
		{177FFCB1-B1AE-456F-9BF3-AD8829E6B265}.Debug|Any CPU.ActiveCfg = Debug|Any CPU
		{177FFCB1-B1AE-456F-9BF3-AD8829E6B265}.Debug|Any CPU.Build.0 = Debug|Any CPU
		{177FFCB1-B1AE-456F-9BF3-AD8829E6B265}.Release|Any CPU.ActiveCfg = Release|Any CPU
		{177FFCB1-B1AE-456F-9BF3-AD8829E6B265}.Release|Any CPU.Build.0 = Release|Any CPU
	EndGlobalSection
	GlobalSection(SolutionProperties) = preSolution
		HideSolutionNode = FALSE
	EndGlobalSection
	GlobalSection(ExtensibilityGlobals) = postSolution
		SolutionGuid = {FBE25415-2F88-430F-862A-F1784115BB88}
	EndGlobalSection
EndGlobal
